// !$*UTF8*$!
{
	archiveVersion = 1;
	classes = {
	};
	objectVersion = 77;
	objects = {

/* Begin PBXBuildFile section */
		5C45A5BB2EFC892100B74DB4 /* AWSTranscribeStreaming in Frameworks */ = {isa = PBXBuildFile; productRef = 5CB0F4012EFC7A0000C966C6 /* AWSTranscribeStreaming */; };
		5C45A5BC2EFC892100B74DB4 /* AWSTranscribe in Frameworks */ = {isa = PBXBuildFile; productRef = 5CB0F4022EFC7A0000C966C6 /* AWSTranscribe */; };
		5C45A5BD2EFC892100B74DB4 /* AWSS3 in Frameworks */ = {isa = PBXBuildFile; productRef = 5CB0F4032EFC7A0000C966C6 /* AWSS3 */; };
		5C45A5BE2EFC892100B74DB4 /* AWSSTS in Frameworks */ = {isa = PBXBuildFile; productRef = 5CB0F4042EFC7A0000C966C6 /* AWSSTS */; };
/* End PBXBuildFile section */

/* Begin PBXContainerItemProxy section */
		5CB0F3E52EFC797400C966C6 /* PBXContainerItemProxy */ = {
			isa = PBXContainerItemProxy;
			containerPortal = 5CB0F3CF2EFC797300C966C6 /* Project object */;
			proxyType = 1;
			remoteGlobalIDString = 5CB0F3D62EFC797300C966C6;
			remoteInfo = meetingTrascriberMacOS;
		};
		5CB0F3EF2EFC797400C966C6 /* PBXContainerItemProxy */ = {
			isa = PBXContainerItemProxy;
			containerPortal = 5CB0F3CF2EFC797300C966C6 /* Project object */;
			proxyType = 1;
			remoteGlobalIDString = 5CB0F3D62EFC797300C966C6;
			remoteInfo = meetingTrascriberMacOS;
		};
/* End PBXContainerItemProxy section */

/* Begin PBXFileReference section */
		5CB0F3D72EFC797300C966C6 /* meetingTrascriberMacOS.app */ = {isa = PBXFileReference; explicitFileType = wrapper.application; includeInIndex = 0; path = meetingTrascriberMacOS.app; sourceTree = BUILT_PRODUCTS_DIR; };
		5CB0F3E42EFC797400C966C6 /* meetingTrascriberMacOSTests.xctest */ = {isa = PBXFileReference; explicitFileType = wrapper.cfbundle; includeInIndex = 0; path = meetingTrascriberMacOSTests.xctest; sourceTree = BUILT_PRODUCTS_DIR; };
		5CB0F3EE2EFC797400C966C6 /* meetingTrascriberMacOSUITests.xctest */ = {isa = PBXFileReference; explicitFileType = wrapper.cfbundle; includeInIndex = 0; path = meetingTrascriberMacOSUITests.xctest; sourceTree = BUILT_PRODUCTS_DIR; };
/* End PBXFileReference section */

/* Begin PBXFileSystemSynchronizedRootGroup section */
		5CB0F3D92EFC797300C966C6 /* meetingTrascriberMacOS */ = {
			isa = PBXFileSystemSynchronizedRootGroup;
			path = meetingTrascriberMacOS;
			sourceTree = "<group>";
		};
		5CB0F3E72EFC797400C966C6 /* meetingTrascriberMacOSTests */ = {
			isa = PBXFileSystemSynchronizedRootGroup;
			path = meetingTrascriberMacOSTests;
			sourceTree = "<group>";
		};
		5CB0F3F12EFC797400C966C6 /* meetingTrascriberMacOSUITests */ = {
			isa = PBXFileSystemSynchronizedRootGroup;
			path = meetingTrascriberMacOSUITests;
			sourceTree = "<group>";
		};
/* End PBXFileSystemSynchronizedRootGroup section */

/* Begin PBXFrameworksBuildPhase section */
		5CB0F3D42EFC797300C966C6 /* Frameworks */ = {
			isa = PBXFrameworksBuildPhase;
			buildActionMask = 2147483647;
			files = (
				5C45A5BE2EFC892100B74DB4 /* AWSSTS in Frameworks */,
				5C45A5BD2EFC892100B74DB4 /* AWSS3 in Frameworks */,
				5C45A5BC2EFC892100B74DB4 /* AWSTranscribe in Frameworks */,
				5C45A5BB2EFC892100B74DB4 /* AWSTranscribeStreaming in Frameworks */,
			);
			runOnlyForDeploymentPostprocessing = 0;
		};
		5CB0F3E12EFC797400C966C6 /* Frameworks */ = {
			isa = PBXFrameworksBuildPhase;
			buildActionMask = 2147483647;
			files = (
			);
			runOnlyForDeploymentPostprocessing = 0;
		};
		5CB0F3EB2EFC797400C966C6 /* Frameworks */ = {
			isa = PBXFrameworksBuildPhase;
			buildActionMask = 2147483647;
			files = (
			);
			runOnlyForDeploymentPostprocessing = 0;
		};
/* End PBXFrameworksBuildPhase section */

/* Begin PBXGroup section */
		5CB0F3CE2EFC797300C966C6 = {
			isa = PBXGroup;
			children = (
				5CB0F3D92EFC797300C966C6 /* meetingTrascriberMacOS */,
				5CB0F3E72EFC797400C966C6 /* meetingTrascriberMacOSTests */,
				5CB0F3F12EFC797400C966C6 /* meetingTrascriberMacOSUITests */,
				5CB0F3D82EFC797300C966C6 /* Products */,
			);
			sourceTree = "<group>";
		};
		5CB0F3D82EFC797300C966C6 /* Products */ = {
			isa = PBXGroup;
			children = (
				5CB0F3D72EFC797300C966C6 /* meetingTrascriberMacOS.app */,
				5CB0F3E42EFC797400C966C6 /* meetingTrascriberMacOSTests.xctest */,
				5CB0F3EE2EFC797400C966C6 /* meetingTrascriberMacOSUITests.xctest */,
			);
			name = Products;
			sourceTree = "<group>";
		};
/* End PBXGroup section */

/* Begin PBXNativeTarget section */
		5CB0F3D62EFC797300C966C6 /* meetingTrascriberMacOS */ = {
			isa = PBXNativeTarget;
			buildConfigurationList = 5CB0F3F82EFC797400C966C6 /* Build configuration list for PBXNativeTarget "meetingTrascriberMacOS" */;
			buildPhases = (
				5CB0F3D32EFC797300C966C6 /* Sources */,
				5CB0F3D42EFC797300C966C6 /* Frameworks */,
				5CB0F3D52EFC797300C966C6 /* Resources */,
			);
			buildRules = (
			);
			dependencies = (
			);
			fileSystemSynchronizedGroups = (
				5CB0F3D92EFC797300C966C6 /* meetingTrascriberMacOS */,
			);
			name = meetingTrascriberMacOS;
			packageProductDependencies = (
				5CB0F4012EFC7A0000C966C6 /* AWSTranscribeStreaming */,
				5CB0F4022EFC7A0000C966C6 /* AWSTranscribe */,
				5CB0F4032EFC7A0000C966C6 /* AWSS3 */,
				5CB0F4042EFC7A0000C966C6 /* AWSSTS */,
			);
			productName = meetingTrascriberMacOS;
			productReference = 5CB0F3D72EFC797300C966C6 /* meetingTrascriberMacOS.app */;
			productType = "com.apple.product-type.application";
		};
		5CB0F3E32EFC797400C966C6 /* meetingTrascriberMacOSTests */ = {
			isa = PBXNativeTarget;
			buildConfigurationList = 5CB0F3FB2EFC797400C966C6 /* Build configuration list for PBXNativeTarget "meetingTrascriberMacOSTests" */;
			buildPhases = (
				5CB0F3E02EFC797400C966C6 /* Sources */,
				5CB0F3E12EFC797400C966C6 /* Frameworks */,
				5CB0F3E22EFC797400C966C6 /* Resources */,
			);
			buildRules = (
			);
			dependencies = (
				5CB0F3E62EFC797400C966C6 /* PBXTargetDependency */,
			);
			fileSystemSynchronizedGroups = (
				5CB0F3E72EFC797400C966C6 /* meetingTrascriberMacOSTests */,
			);
			name = meetingTrascriberMacOSTests;
			packageProductDependencies = (
			);
			productName = meetingTrascriberMacOSTests;
			productReference = 5CB0F3E42EFC797400C966C6 /* meetingTrascriberMacOSTests.xctest */;
			productType = "com.apple.product-type.bundle.unit-test";
		};
		5CB0F3ED2EFC797400C966C6 /* meetingTrascriberMacOSUITests */ = {
			isa = PBXNativeTarget;
			buildConfigurationList = 5CB0F3FE2EFC797400C966C6 /* Build configuration list for PBXNativeTarget "meetingTrascriberMacOSUITests" */;
			buildPhases = (
				5CB0F3EA2EFC797400C966C6 /* Sources */,
				5CB0F3EB2EFC797400C966C6 /* Frameworks */,
				5CB0F3EC2EFC797400C966C6 /* Resources */,
			);
			buildRules = (
			);
			dependencies = (
				5CB0F3F02EFC797400C966C6 /* PBXTargetDependency */,
			);
			fileSystemSynchronizedGroups = (
				5CB0F3F12EFC797400C966C6 /* meetingTrascriberMacOSUITests */,
			);
			name = meetingTrascriberMacOSUITests;
			packageProductDependencies = (
			);
			productName = meetingTrascriberMacOSUITests;
			productReference = 5CB0F3EE2EFC797400C966C6 /* meetingTrascriberMacOSUITests.xctest */;
			productType = "com.apple.product-type.bundle.ui-testing";
		};
/* End PBXNativeTarget section */

/* Begin PBXProject section */
		5CB0F3CF2EFC797300C966C6 /* Project object */ = {
			isa = PBXProject;
			attributes = {
				BuildIndependentTargetsInParallel = 1;
				LastSwiftUpdateCheck = 2620;
				LastUpgradeCheck = 2620;
				TargetAttributes = {
					5CB0F3D62EFC797300C966C6 = {
						CreatedOnToolsVersion = 26.2;
					};
					5CB0F3E32EFC797400C966C6 = {
						CreatedOnToolsVersion = 26.2;
						TestTargetID = 5CB0F3D62EFC797300C966C6;
					};
					5CB0F3ED2EFC797400C966C6 = {
						CreatedOnToolsVersion = 26.2;
						TestTargetID = 5CB0F3D62EFC797300C966C6;
					};
				};
			};
			buildConfigurationList = 5CB0F3D22EFC797300C966C6 /* Build configuration list for PBXProject "meetingTrascriberMacOS" */;
			developmentRegion = en;
			hasScannedForEncodings = 0;
			knownRegions = (
				en,
				Base,
			);
			mainGroup = 5CB0F3CE2EFC797300C966C6;
			minimizedProjectReferenceProxies = 1;
			packageReferences = (
				5CB0F4072EFC7A3000C966C6 /* XCRemoteSwiftPackageReference "aws-sdk-swift" */,
			);
			preferredProjectObjectVersion = 77;
			productRefGroup = 5CB0F3D82EFC797300C966C6 /* Products */;
			projectDirPath = "";
			projectRoot = "";
			targets = (
				5CB0F3D62EFC797300C966C6 /* meetingTrascriberMacOS */,
				5CB0F3E32EFC797400C966C6 /* meetingTrascriberMacOSTests */,
				5CB0F3ED2EFC797400C966C6 /* meetingTrascriberMacOSUITests */,
			);
		};
/* End PBXProject section */

/* Begin PBXResourcesBuildPhase section */
		5CB0F3D52EFC797300C966C6 /* Resources */ = {
			isa = PBXResourcesBuildPhase;
			buildActionMask = 2147483647;
			files = (
			);
			runOnlyForDeploymentPostprocessing = 0;
		};
		5CB0F3E22EFC797400C966C6 /* Resources */ = {
			isa = PBXResourcesBuildPhase;
			buildActionMask = 2147483647;
			files = (
			);
			runOnlyForDeploymentPostprocessing = 0;
		};
		5CB0F3EC2EFC797400C966C6 /* Resources */ = {
			isa = PBXResourcesBuildPhase;
			buildActionMask = 2147483647;
			files = (
			);
			runOnlyForDeploymentPostprocessing = 0;
		};
/* End PBXResourcesBuildPhase section */

/* Begin PBXSourcesBuildPhase section */
		5CB0F3D32EFC797300C966C6 /* Sources */ = {
			isa = PBXSourcesBuildPhase;
			buildActionMask = 2147483647;
			files = (
			);
			runOnlyForDeploymentPostprocessing = 0;
		};
		5CB0F3E02EFC797400C966C6 /* Sources */ = {
			isa = PBXSourcesBuildPhase;
			buildActionMask = 2147483647;
			files = (
			);
			runOnlyForDeploymentPostprocessing = 0;
		};
		5CB0F3EA2EFC797400C966C6 /* Sources */ = {
			isa = PBXSourcesBuildPhase;
			buildActionMask = 2147483647;
			files = (
			);
			runOnlyForDeploymentPostprocessing = 0;
		};
/* End PBXSourcesBuildPhase section */

/* Begin PBXTargetDependency section */
		5CB0F3E62EFC797400C966C6 /* PBXTargetDependency */ = {
			isa = PBXTargetDependency;
			target = 5CB0F3D62EFC797300C966C6 /* meetingTrascriberMacOS */;
			targetProxy = 5CB0F3E52EFC797400C966C6 /* PBXContainerItemProxy */;
		};
		5CB0F3F02EFC797400C966C6 /* PBXTargetDependency */ = {
			isa = PBXTargetDependency;
			target = 5CB0F3D62EFC797300C966C6 /* meetingTrascriberMacOS */;
			targetProxy = 5CB0F3EF2EFC797400C966C6 /* PBXContainerItemProxy */;
		};
/* End PBXTargetDependency section */

/* Begin XCBuildConfiguration section */
		5CB0F3F62EFC797400C966C6 /* Debug */ = {
			isa = XCBuildConfiguration;
			buildSettings = {
				ALWAYS_SEARCH_USER_PATHS = NO;
				ASSETCATALOG_COMPILER_GENERATE_SWIFT_ASSET_SYMBOL_EXTENSIONS = YES;
				CLANG_ANALYZER_NONNULL = YES;
				CLANG_ANALYZER_NUMBER_OBJECT_CONVERSION = YES_AGGRESSIVE;
				CLANG_CXX_LANGUAGE_STANDARD = "gnu++20";
				CLANG_ENABLE_MODULES = YES;
				CLANG_ENABLE_OBJC_ARC = YES;
				CLANG_ENABLE_OBJC_WEAK = YES;
				CLANG_WARN_BLOCK_CAPTURE_AUTORELEASING = YES;
				CLANG_WARN_BOOL_CONVERSION = YES;
				CLANG_WARN_COMMA = YES;
				CLANG_WARN_CONSTANT_CONVERSION = YES;
				CLANG_WARN_DEPRECATED_OBJC_IMPLEMENTATIONS = YES;
				CLANG_WARN_DIRECT_OBJC_ISA_USAGE = YES_ERROR;
				CLANG_WARN_DOCUMENTATION_COMMENTS = YES;
				CLANG_WARN_EMPTY_BODY = YES;
				CLANG_WARN_ENUM_CONVERSION = YES;
				CLANG_WARN_INFINITE_RECURSION = YES;
				CLANG_WARN_INT_CONVERSION = YES;
				CLANG_WARN_NON_LITERAL_NULL_CONVERSION = YES;
				CLANG_WARN_OBJC_IMPLICIT_RETAIN_SELF = YES;
				CLANG_WARN_OBJC_LITERAL_CONVERSION = YES;
				CLANG_WARN_OBJC_ROOT_CLASS = YES_ERROR;
				CLANG_WARN_QUOTED_INCLUDE_IN_FRAMEWORK_HEADER = YES;
				CLANG_WARN_RANGE_LOOP_ANALYSIS = YES;
				CLANG_WARN_STRICT_PROTOTYPES = YES;
				CLANG_WARN_SUSPICIOUS_MOVE = YES;
				CLANG_WARN_UNGUARDED_AVAILABILITY = YES_AGGRESSIVE;
				CLANG_WARN_UNREACHABLE_CODE = YES;
				CLANG_WARN__DUPLICATE_METHOD_MATCH = YES;
				COPY_PHASE_STRIP = NO;
				DEBUG_INFORMATION_FORMAT = dwarf;
				DEVELOPMENT_TEAM = BWUU5Y4R3G;
				ENABLE_STRICT_OBJC_MSGSEND = YES;
				ENABLE_TESTABILITY = YES;
				ENABLE_USER_SCRIPT_SANDBOXING = YES;
				GCC_C_LANGUAGE_STANDARD = gnu17;
				GCC_DYNAMIC_NO_PIC = NO;
				GCC_NO_COMMON_BLOCKS = YES;
				GCC_OPTIMIZATION_LEVEL = 0;
				GCC_PREPROCESSOR_DEFINITIONS = (
					"DEBUG=1",
					"$(inherited)",
				);
				GCC_WARN_64_TO_32_BIT_CONVERSION = YES;
				GCC_WARN_ABOUT_RETURN_TYPE = YES_ERROR;
				GCC_WARN_UNDECLARED_SELECTOR = YES;
				GCC_WARN_UNINITIALIZED_AUTOS = YES_AGGRESSIVE;
				GCC_WARN_UNUSED_FUNCTION = YES;
				GCC_WARN_UNUSED_VARIABLE = YES;
				LOCALIZATION_PREFERS_STRING_CATALOGS = YES;
				MACOSX_DEPLOYMENT_TARGET = 15.0;
				MTL_ENABLE_DEBUG_INFO = INCLUDE_SOURCE;
				MTL_FAST_MATH = YES;
				ONLY_ACTIVE_ARCH = YES;
				SDKROOT = macosx;
				SWIFT_ACTIVE_COMPILATION_CONDITIONS = "DEBUG $(inherited)";
				SWIFT_OPTIMIZATION_LEVEL = "-Onone";
			};
			name = Debug;
		};
		5CB0F3F72EFC797400C966C6 /* Release */ = {
			isa = XCBuildConfiguration;
			buildSettings = {
				ALWAYS_SEARCH_USER_PATHS = NO;
				ASSETCATALOG_COMPILER_GENERATE_SWIFT_ASSET_SYMBOL_EXTENSIONS = YES;
				CLANG_ANALYZER_NONNULL = YES;
				CLANG_ANALYZER_NUMBER_OBJECT_CONVERSION = YES_AGGRESSIVE;
				CLANG_CXX_LANGUAGE_STANDARD = "gnu++20";
				CLANG_ENABLE_MODULES = YES;
				CLANG_ENABLE_OBJC_ARC = YES;
				CLANG_ENABLE_OBJC_WEAK = YES;
				CLANG_WARN_BLOCK_CAPTURE_AUTORELEASING = YES;
				CLANG_WARN_BOOL_CONVERSION = YES;
				CLANG_WARN_COMMA = YES;
				CLANG_WARN_CONSTANT_CONVERSION = YES;
				CLANG_WARN_DEPRECATED_OBJC_IMPLEMENTATIONS = YES;
				CLANG_WARN_DIRECT_OBJC_ISA_USAGE = YES_ERROR;
				CLANG_WARN_DOCUMENTATION_COMMENTS = YES;
				CLANG_WARN_EMPTY_BODY = YES;
				CLANG_WARN_ENUM_CONVERSION = YES;
				CLANG_WARN_INFINITE_RECURSION = YES;
				CLANG_WARN_INT_CONVERSION = YES;
				CLANG_WARN_NON_LITERAL_NULL_CONVERSION = YES;
				CLANG_WARN_OBJC_IMPLICIT_RETAIN_SELF = YES;
				CLANG_WARN_OBJC_LITERAL_CONVERSION = YES;
				CLANG_WARN_OBJC_ROOT_CLASS = YES_ERROR;
				CLANG_WARN_QUOTED_INCLUDE_IN_FRAMEWORK_HEADER = YES;
				CLANG_WARN_RANGE_LOOP_ANALYSIS = YES;
				CLANG_WARN_STRICT_PROTOTYPES = YES;
				CLANG_WARN_SUSPICIOUS_MOVE = YES;
				CLANG_WARN_UNGUARDED_AVAILABILITY = YES_AGGRESSIVE;
				CLANG_WARN_UNREACHABLE_CODE = YES;
				CLANG_WARN__DUPLICATE_METHOD_MATCH = YES;
				COPY_PHASE_STRIP = NO;
				DEBUG_INFORMATION_FORMAT = "dwarf-with-dsym";
				DEVELOPMENT_TEAM = BWUU5Y4R3G;
				ENABLE_NS_ASSERTIONS = NO;
				ENABLE_STRICT_OBJC_MSGSEND = YES;
				ENABLE_USER_SCRIPT_SANDBOXING = YES;
				GCC_C_LANGUAGE_STANDARD = gnu17;
				GCC_NO_COMMON_BLOCKS = YES;
				GCC_WARN_64_TO_32_BIT_CONVERSION = YES;
				GCC_WARN_ABOUT_RETURN_TYPE = YES_ERROR;
				GCC_WARN_UNDECLARED_SELECTOR = YES;
				GCC_WARN_UNINITIALIZED_AUTOS = YES_AGGRESSIVE;
				GCC_WARN_UNUSED_FUNCTION = YES;
				GCC_WARN_UNUSED_VARIABLE = YES;
				LOCALIZATION_PREFERS_STRING_CATALOGS = YES;
				MACOSX_DEPLOYMENT_TARGET = 15.0;
				MTL_ENABLE_DEBUG_INFO = NO;
				MTL_FAST_MATH = YES;
				SDKROOT = macosx;
				SWIFT_COMPILATION_MODE = wholemodule;
			};
			name = Release;
		};
		5CB0F3F92EFC797400C966C6 /* Debug */ = {
			isa = XCBuildConfiguration;
			buildSettings = {
				ASSETCATALOG_COMPILER_APPICON_NAME = AppIcon;
				ASSETCATALOG_COMPILER_GLOBAL_ACCENT_COLOR_NAME = AccentColor;
				CODE_SIGN_ENTITLEMENTS = meetingTrascriberMacOS/meetingTrascriberMacOS.entitlements;
				CODE_SIGN_STYLE = Automatic;
				COMBINE_HIDPI_IMAGES = YES;
				CURRENT_PROJECT_VERSION = 1;
				DEVELOPMENT_TEAM = BWUU5Y4R3G;
				ENABLE_APP_SANDBOX = YES;
				ENABLE_HARDENED_RUNTIME = YES;
				ENABLE_PREVIEWS = YES;
				ENABLE_USER_SELECTED_FILES = readonly;
				GENERATE_INFOPLIST_FILE = NO;
				INFOPLIST_FILE = meetingTrascriberMacOS/Info.plist;
				INFOPLIST_KEY_NSHumanReadableCopyright = "";
				LD_RUNPATH_SEARCH_PATHS = (
					"$(inherited)",
					"@executable_path/../Frameworks",
				);
				MACOSX_DEPLOYMENT_TARGET = 15.0;
				MARKETING_VERSION = 1.0;
				PRODUCT_BUNDLE_IDENTIFIER = com.pbarone.meetingTrascriberMacOS;
				PRODUCT_NAME = "$(TARGET_NAME)";
				REGISTER_APP_GROUPS = YES;
				STRING_CATALOG_GENERATE_SYMBOLS = YES;
				SWIFT_APPROACHABLE_CONCURRENCY = YES;
				SWIFT_DEFAULT_ACTOR_ISOLATION = MainActor;
				SWIFT_EMIT_LOC_STRINGS = YES;
				SWIFT_UPCOMING_FEATURE_MEMBER_IMPORT_VISIBILITY = YES;
				SWIFT_VERSION = 5.0;
			};
			name = Debug;
		};
		5CB0F3FA2EFC797400C966C6 /* Release */ = {
			isa = XCBuildConfiguration;
			buildSettings = {
				ASSETCATALOG_COMPILER_APPICON_NAME = AppIcon;
				ASSETCATALOG_COMPILER_GLOBAL_ACCENT_COLOR_NAME = AccentColor;
				CODE_SIGN_ENTITLEMENTS = meetingTrascriberMacOS/meetingTrascriberMacOS.entitlements;
				CODE_SIGN_STYLE = Automatic;
				COMBINE_HIDPI_IMAGES = YES;
				CURRENT_PROJECT_VERSION = 1;
				DEVELOPMENT_TEAM = BWUU5Y4R3G;
				ENABLE_APP_SANDBOX = YES;
				ENABLE_HARDENED_RUNTIME = YES;
				ENABLE_PREVIEWS = YES;
				ENABLE_USER_SELECTED_FILES = readonly;
				GENERATE_INFOPLIST_FILE = NO;
				INFOPLIST_FILE = meetingTrascriberMacOS/Info.plist;
				INFOPLIST_KEY_NSHumanReadableCopyright = "";
				LD_RUNPATH_SEARCH_PATHS = (
					"$(inherited)",
					"@executable_path/../Frameworks",
				);
				MACOSX_DEPLOYMENT_TARGET = 15.0;
				MARKETING_VERSION = 1.0;
				PRODUCT_BUNDLE_IDENTIFIER = com.pbarone.meetingTrascriberMacOS;
				PRODUCT_NAME = "$(TARGET_NAME)";
				REGISTER_APP_GROUPS = YES;
				STRING_CATALOG_GENERATE_SYMBOLS = YES;
				SWIFT_APPROACHABLE_CONCURRENCY = YES;
				SWIFT_DEFAULT_ACTOR_ISOLATION = MainActor;
				SWIFT_EMIT_LOC_STRINGS = YES;
				SWIFT_UPCOMING_FEATURE_MEMBER_IMPORT_VISIBILITY = YES;
				SWIFT_VERSION = 5.0;
			};
			name = Release;
		};
		5CB0F3FC2EFC797400C966C6 /* Debug */ = {
			isa = XCBuildConfiguration;
			buildSettings = {
				BUNDLE_LOADER = "$(TEST_HOST)";
				CODE_SIGN_STYLE = Automatic;
				CURRENT_PROJECT_VERSION = 1;
				DEVELOPMENT_TEAM = BWUU5Y4R3G;
				GENERATE_INFOPLIST_FILE = YES;
				MACOSX_DEPLOYMENT_TARGET = 15.0;
				MARKETING_VERSION = 1.0;
				PRODUCT_BUNDLE_IDENTIFIER = com.pbarone.meetingTrascriberMacOSTests;
				PRODUCT_NAME = "$(TARGET_NAME)";
				STRING_CATALOG_GENERATE_SYMBOLS = NO;
				SWIFT_APPROACHABLE_CONCURRENCY = YES;
				SWIFT_EMIT_LOC_STRINGS = NO;
				SWIFT_UPCOMING_FEATURE_MEMBER_IMPORT_VISIBILITY = YES;
				SWIFT_VERSION = 5.0;
				TEST_HOST = "$(BUILT_PRODUCTS_DIR)/meetingTrascriberMacOS.app/$(BUNDLE_EXECUTABLE_FOLDER_PATH)/meetingTrascriberMacOS";
			};
			name = Debug;
		};
		5CB0F3FD2EFC797400C966C6 /* Release */ = {
			isa = XCBuildConfiguration;
			buildSettings = {
				BUNDLE_LOADER = "$(TEST_HOST)";
				CODE_SIGN_STYLE = Automatic;
				CURRENT_PROJECT_VERSION = 1;
				DEVELOPMENT_TEAM = BWUU5Y4R3G;
				GENERATE_INFOPLIST_FILE = YES;
				MACOSX_DEPLOYMENT_TARGET = 15.0;
				MARKETING_VERSION = 1.0;
				PRODUCT_BUNDLE_IDENTIFIER = com.pbarone.meetingTrascriberMacOSTests;
				PRODUCT_NAME = "$(TARGET_NAME)";
				STRING_CATALOG_GENERATE_SYMBOLS = NO;
				SWIFT_APPROACHABLE_CONCURRENCY = YES;
				SWIFT_EMIT_LOC_STRINGS = NO;
				SWIFT_UPCOMING_FEATURE_MEMBER_IMPORT_VISIBILITY = YES;
				SWIFT_VERSION = 5.0;
				TEST_HOST = "$(BUILT_PRODUCTS_DIR)/meetingTrascriberMacOS.app/$(BUNDLE_EXECUTABLE_FOLDER_PATH)/meetingTrascriberMacOS";
			};
			name = Release;
		};
		5CB0F3FF2EFC797400C966C6 /* Debug */ = {
			isa = XCBuildConfiguration;
			buildSettings = {
				CODE_SIGN_STYLE = Automatic;
				CURRENT_PROJECT_VERSION = 1;
				DEVELOPMENT_TEAM = BWUU5Y4R3G;
				GENERATE_INFOPLIST_FILE = YES;
				MARKETING_VERSION = 1.0;
				PRODUCT_BUNDLE_IDENTIFIER = com.pbarone.meetingTrascriberMacOSUITests;
				PRODUCT_NAME = "$(TARGET_NAME)";
				STRING_CATALOG_GENERATE_SYMBOLS = NO;
				SWIFT_APPROACHABLE_CONCURRENCY = YES;
				SWIFT_EMIT_LOC_STRINGS = NO;
				SWIFT_UPCOMING_FEATURE_MEMBER_IMPORT_VISIBILITY = YES;
				SWIFT_VERSION = 5.0;
				TEST_TARGET_NAME = meetingTrascriberMacOS;
			};
			name = Debug;
		};
		5CB0F4002EFC797400C966C6 /* Release */ = {
			isa = XCBuildConfiguration;
			buildSettings = {
				CODE_SIGN_STYLE = Automatic;
				CURRENT_PROJECT_VERSION = 1;
				DEVELOPMENT_TEAM = BWUU5Y4R3G;
				GENERATE_INFOPLIST_FILE = YES;
				MARKETING_VERSION = 1.0;
				PRODUCT_BUNDLE_IDENTIFIER = com.pbarone.meetingTrascriberMacOSUITests;
				PRODUCT_NAME = "$(TARGET_NAME)";
				STRING_CATALOG_GENERATE_SYMBOLS = NO;
				SWIFT_APPROACHABLE_CONCURRENCY = YES;
				SWIFT_EMIT_LOC_STRINGS = NO;
				SWIFT_UPCOMING_FEATURE_MEMBER_IMPORT_VISIBILITY = YES;
				SWIFT_VERSION = 5.0;
				TEST_TARGET_NAME = meetingTrascriberMacOS;
			};
			name = Release;
		};
/* End XCBuildConfiguration section */

/* Begin XCConfigurationList section */
		5CB0F3D22EFC797300C966C6 /* Build configuration list for PBXProject "meetingTrascriberMacOS" */ = {
			isa = XCConfigurationList;
			buildConfigurations = (
				5CB0F3F62EFC797400C966C6 /* Debug */,
				5CB0F3F72EFC797400C966C6 /* Release */,
			);
			defaultConfigurationIsVisible = 0;
			defaultConfigurationName = Release;
		};
		5CB0F3F82EFC797400C966C6 /* Build configuration list for PBXNativeTarget "meetingTrascriberMacOS" */ = {
			isa = XCConfigurationList;
			buildConfigurations = (
				5CB0F3F92EFC797400C966C6 /* Debug */,
				5CB0F3FA2EFC797400C966C6 /* Release */,
			);
			defaultConfigurationIsVisible = 0;
			defaultConfigurationName = Release;
		};
		5CB0F3FB2EFC797400C966C6 /* Build configuration list for PBXNativeTarget "meetingTrascriberMacOSTests" */ = {
			isa = XCConfigurationList;
			buildConfigurations = (
				5CB0F3FC2EFC797400C966C6 /* Debug */,
				5CB0F3FD2EFC797400C966C6 /* Release */,
			);
			defaultConfigurationIsVisible = 0;
			defaultConfigurationName = Release;
		};
		5CB0F3FE2EFC797400C966C6 /* Build configuration list for PBXNativeTarget "meetingTrascriberMacOSUITests" */ = {
			isa = XCConfigurationList;
			buildConfigurations = (
				5CB0F3FF2EFC797400C966C6 /* Debug */,
				5CB0F4002EFC797400C966C6 /* Release */,
			);
			defaultConfigurationIsVisible = 0;
			defaultConfigurationName = Release;
		};
/* End XCConfigurationList section */

/* Begin XCRemoteSwiftPackageReference section */
		5CB0F4072EFC7A3000C966C6 /* XCRemoteSwiftPackageReference "aws-sdk-swift" */ = {
			isa = XCRemoteSwiftPackageReference;
			repositoryURL = "https://github.com/awslabs/aws-sdk-swift.git";
			requirement = {
				kind = upToNextMajorVersion;
				minimumVersion = 1.0.0;
			};
		};
/* End XCRemoteSwiftPackageReference section */

/* Begin XCSwiftPackageProductDependency section */
		5CB0F4012EFC7A0000C966C6 /* AWSTranscribeStreaming */ = {
			isa = XCSwiftPackageProductDependency;
			package = 5CB0F4072EFC7A3000C966C6 /* XCRemoteSwiftPackageReference "aws-sdk-swift" */;
			productName = AWSTranscribeStreaming;
		};
		5CB0F4022EFC7A0000C966C6 /* AWSTranscribe */ = {
			isa = XCSwiftPackageProductDependency;
			package = 5CB0F4072EFC7A3000C966C6 /* XCRemoteSwiftPackageReference "aws-sdk-swift" */;
			productName = AWSTranscribe;
		};
		5CB0F4032EFC7A0000C966C6 /* AWSS3 */ = {
			isa = XCSwiftPackageProductDependency;
			package = 5CB0F4072EFC7A3000C966C6 /* XCRemoteSwiftPackageReference "aws-sdk-swift" */;
			productName = AWSS3;
		};
		5CB0F4042EFC7A0000C966C6 /* AWSSTS */ = {
			isa = XCSwiftPackageProductDependency;
			package = 5CB0F4072EFC7A3000C966C6 /* XCRemoteSwiftPackageReference "aws-sdk-swift" */;
			productName = AWSSTS;
		};
/* End XCSwiftPackageProductDependency section */
	};
	rootObject = 5CB0F3CF2EFC797300C966C6 /* Project object */;
}
